<?xml version="1.0" encoding="utf-8"?>
<Project ToolsVersion="4.0" xmlns="http://schemas.microsoft.com/developer/msbuild/2003">
  <ItemGroup>
    <ClInclude Include="Blasphemous.h" />
    <ClInclude Include="Title.h">
      <Filter>Level\Title</Filter>
    </ClInclude>
    <ClInclude Include="MainMenu.h">
      <Filter>Level\MainMenu</Filter>
    </ClInclude>
    <ClInclude Include="PreCompile.h">
      <Filter>PreCompile</Filter>
    </ClInclude>
    <ClInclude Include="ElderBrother.h">
      <Filter>Actor\BossMonster</Filter>
    </ClInclude>
    <ClInclude Include="TenPiedad.h">
      <Filter>Actor\BossMonster</Filter>
    </ClInclude>
    <ClInclude Include="BossMonster.h">
      <Filter>Actor\MonsterBase</Filter>
    </ClInclude>
    <ClInclude Include="MonsterBase.h">
      <Filter>Actor\MonsterBase</Filter>
    </ClInclude>
    <ClInclude Include="Pope.h">
      <Filter>Actor\BossMonster</Filter>
    </ClInclude>
    <ClInclude Include="Penitent.h">
      <Filter>Actor\Player</Filter>
    </ClInclude>
    <ClInclude Include="NormalMonster.h">
      <Filter>Actor\MonsterBase</Filter>
    </ClInclude>
    <ClInclude Include="Inventory.h">
      <Filter>Actor\UI</Filter>
    </ClInclude>
    <ClInclude Include="Stage01.h">
      <Filter>Level\Pilgrimage\01Brotherhood</Filter>
    </ClInclude>
    <ClInclude Include="Fool_knife.h">
      <Filter>Actor\NormalMonster</Filter>
    </ClInclude>
    <ClInclude Include="Stage02.h">
      <Filter>Level\Pilgrimage\01Brotherhood</Filter>
    </ClInclude>
    <ClInclude Include="MainMenuActor.h">
      <Filter>Actor\UI</Filter>
    </ClInclude>
    <ClInclude Include="Stage03.h">
      <Filter>Level\Pilgrimage\01Brotherhood</Filter>
    </ClInclude>
    <ClInclude Include="Stage04.h">
      <Filter>Level\Pilgrimage\01Brotherhood</Filter>
    </ClInclude>
    <ClInclude Include="Stage05.h">
      <Filter>Level\Pilgrimage\01Brotherhood</Filter>
    </ClInclude>
    <ClInclude Include="TitleActor.h">
      <Filter>Actor\UI</Filter>
    </ClInclude>
    <ClInclude Include="StageActor.h">
      <Filter>Actor</Filter>
    </ClInclude>
    <ClInclude Include="CutScenePlayer.h">
      <Filter>Actor\CutScene</Filter>
    </ClInclude>
    <ClInclude Include="Stage10.h">
      <Filter>Level\Pilgrimage\02Bridge</Filter>
    </ClInclude>
    <ClInclude Include="Stage20.h">
      <Filter>Level\Pilgrimage\03Deambulatory</Filter>
    </ClInclude>
    <ClInclude Include="Stage30.h">
      <Filter>Level\Pilgrimage\04OtherSideoftheDream</Filter>
    </ClInclude>
    <ClInclude Include="Stage21.h">
      <Filter>Level\Pilgrimage\03Deambulatory</Filter>
    </ClInclude>
    <ClInclude Include="StageBase.h">
      <Filter>Level\Pilgrimage</Filter>
    </ClInclude>
    <ClInclude Include="Deogracias.h">
      <Filter>Actor\NPC</Filter>
    </ClInclude>
    <ClInclude Include="GravityComponent.h">
      <Filter>Component</Filter>
    </ClInclude>
    <ClInclude Include="Pontiff.h">
      <Filter>Actor\BossMonster\Pontiff</Filter>
    </ClInclude>
    <ClInclude Include="Platform.h">
      <Filter>Actor\BossMonster\Pontiff</Filter>
    </ClInclude>
    <ClInclude Include="PlatformSpawner.h">
      <Filter>Actor\BossMonster\Pontiff</Filter>
    </ClInclude>
    <ClInclude Include="LoadingActor.h">
      <Filter>Actor\UI</Filter>
    </ClInclude>
    <ClInclude Include="BreakableTwistedCorpse.h">
      <Filter>Actor\Object</Filter>
    </ClInclude>
    <ClInclude Include="PlayerUI.h">
      <Filter>Actor\UI</Filter>
    </ClInclude>
    <ClInclude Include="LeftTopUI.h">
      <Filter>Actor\UI\UIBar</Filter>
    </ClInclude>
    <ClInclude Include="GlobalValue.h">
      <Filter>Global</Filter>
    </ClInclude>
    <ClInclude Include="Option.h">
      <Filter>Level\MainMenu\Option</Filter>
    </ClInclude>
    <ClInclude Include="OptionActor.h">
      <Filter>Actor\UI</Filter>
    </ClInclude>
    <ClInclude Include="Door.h">
      <Filter>Actor\Object</Filter>
    </ClInclude>
    <ClInclude Include="PrieDieu.h">
      <Filter>Actor\Object</Filter>
    </ClInclude>
    <ClInclude Include="WingedFace.h">
      <Filter>Actor\NormalMonster</Filter>
    </ClInclude>
    <ClInclude Include="VioletProjectile.h">
      <Filter>Actor\Effect\Monster\Normal\WingedFace</Filter>
    </ClInclude>
    <ClInclude Include="BossUI.h">
      <Filter>Actor\UI</Filter>
    </ClInclude>
    <ClInclude Include="AttackCorpseEffecter.h">
      <Filter>Actor\Effect\Monster\Boss\Elder</Filter>
    </ClInclude>
    <ClInclude Include="JumpCorpseEffecter.h">
      <Filter>Actor\Effect\Monster\Boss\Elder</Filter>
    </ClInclude>
    <ClInclude Include="Corpse.h">
      <Filter>Actor\Effect\Monster\Boss\Elder</Filter>
    </ClInclude>
    <ClInclude Include="CorpseGroundEffect.h">
      <Filter>Actor\Effect\Monster\Boss\Elder</Filter>
    </ClInclude>
    <ClInclude Include="GravityActor.h">
      <Filter>Actor\Global</Filter>
    </ClInclude>
    <ClInclude Include="MetaLevel.h">
      <Filter>Level</Filter>
    </ClInclude>
    <ClInclude Include="MetaSpriteWindow.h">
      <Filter>Content</Filter>
    </ClInclude>
    <ClInclude Include="FireBall.h">
      <Filter>Actor\Effect\Monster\Boss\Pope</Filter>
    </ClInclude>
    <ClInclude Include="ToxicCloud.h">
      <Filter>Actor\Effect\Monster\Boss\Pope</Filter>
    </ClInclude>
    <ClInclude Include="SymbolEffect.h">
      <Filter>Actor\Effect\Monster\Boss\Pope</Filter>
    </ClInclude>
    <ClInclude Include="Projectile.h">
      <Filter>Actor\Effect</Filter>
    </ClInclude>
    <ClInclude Include="FireBallSpawner.h">
      <Filter>Actor\Effect\Monster\Boss\Pope</Filter>
    </ClInclude>
    <ClInclude Include="ToxicCloudSpawner.h">
      <Filter>Actor\Effect\Monster\Boss\Pope</Filter>
    </ClInclude>
    <ClInclude Include="LightiningBolt.h">
      <Filter>Actor\Effect\Monster\Boss\Pope</Filter>
    </ClInclude>
    <ClInclude Include="LightiningBoltSpawner.h">
      <Filter>Actor\Effect\Monster\Boss\Pope</Filter>
    </ClInclude>
    <ClInclude Include="MagicMissile.h">
      <Filter>Actor\Effect\Monster\Boss\Pope</Filter>
    </ClInclude>
    <ClInclude Include="MagicMissileSpawner.h">
      <Filter>Actor\Effect\Monster\Boss\Pope</Filter>
    </ClInclude>
    <ClInclude Include="GlassSwitch.h">
      <Filter>Actor\Object</Filter>
    </ClInclude>
    <ClInclude Include="SideFence.h">
      <Filter>Actor\Object</Filter>
    </ClInclude>
    <ClInclude Include="MetaTextureRenderer.h">
      <Filter>Content</Filter>
    </ClInclude>
    <ClInclude Include="MetaSpriteManager.h">
      <Filter>Content</Filter>
    </ClInclude>
    <ClInclude Include="LionHead.h">
      <Filter>Actor\NormalMonster</Filter>
    </ClInclude>
    <ClInclude Include="Crosscrawler.h">
      <Filter>Actor\NormalMonster</Filter>
    </ClInclude>
    <ClInclude Include="ShieldMaiden.h">
      <Filter>Actor\NormalMonster</Filter>
    </ClInclude>
    <ClInclude Include="BloodSplatters.h">
      <Filter>Actor\Effect\Monster</Filter>
    </ClInclude>
    <ClInclude Include="HitEffect.h">
      <Filter>Actor\Effect\Player</Filter>
    </ClInclude>
    <ClInclude Include="MoveEffect.h">
      <Filter>Actor\Effect\Player</Filter>
    </ClInclude>
    <ClInclude Include="AttackEffect.h">
      <Filter>Actor\Effect\Player</Filter>
    </ClInclude>
    <ClInclude Include="BlockEffect.h">
      <Filter>Actor\Effect\Monster\Normal\ShieldMaiden</Filter>
    </ClInclude>
    <ClInclude Include="HardLandingEffect.h">
      <Filter>Actor\Effect</Filter>
    </ClInclude>
    <ClInclude Include="PontiffMainBody.h">
      <Filter>Actor\BossMonster\Pontiff</Filter>
    </ClInclude>
    <ClInclude Include="GiantSword.h">
      <Filter>Actor\BossMonster\Pontiff\GiantSword</Filter>
    </ClInclude>
    <ClInclude Include="SwordIris.h">
      <Filter>Actor\BossMonster\Pontiff\GiantSword</Filter>
    </ClInclude>
    <ClInclude Include="AnguishBeamSpawner.h">
      <Filter>Actor\Effect\Monster\Boss\Pontiff</Filter>
    </ClInclude>
    <ClInclude Include="AnguishBeam.h">
      <Filter>Actor\Effect\Monster\Boss\Pontiff</Filter>
    </ClInclude>
    <ClInclude Include="SpawnerBase.h">
      <Filter>Actor\Effect\Monster\Boss</Filter>
    </ClInclude>
    <ClInclude Include="MultipleMagicMissile.h">
      <Filter>Actor\Effect\Monster\Boss\Pope</Filter>
    </ClInclude>
    <ClInclude Include="DeadZone.h">
      <Filter>Actor\Object</Filter>
    </ClInclude>
    <ClInclude Include="ObjectBase.h">
      <Filter>Actor\Object</Filter>
    </ClInclude>
    <ClInclude Include="Fly.h">
      <Filter>Actor\Object</Filter>
    </ClInclude>
    <ClInclude Include="PenitentGuilt.h">
      <Filter>Actor\Object</Filter>
    </ClInclude>
    <ClInclude Include="SpectrumComponent.h">
      <Filter>Component</Filter>
    </ClInclude>
    <ClInclude Include="Shop.h">
      <Filter>Level\Pilgrimage\Shop</Filter>
    </ClInclude>
    <ClInclude Include="TwisterBackground.h">
      <Filter>Actor\BossMonster\Pontiff</Filter>
    </ClInclude>
    <ClInclude Include="BloodProjectile.h">
      <Filter>Actor\Effect\Player</Filter>
    </ClInclude>
    <ClInclude Include="MessageUI.h">
      <Filter>Actor\UI</Filter>
    </ClInclude>
    <ClInclude Include="Merchant.h">
      <Filter>Actor\NPC</Filter>
    </ClInclude>
    <ClInclude Include="Milestone.h">
      <Filter>Actor\UI</Filter>
    </ClInclude>
    <ClInclude Include="NPCBase.h">
      <Filter>Actor\NPC</Filter>
    </ClInclude>
    <ClInclude Include="Stage11.h">
      <Filter>Level\Pilgrimage\02Bridge</Filter>
    </ClInclude>
    <ClInclude Include="Stage12.h">
      <Filter>Level\Pilgrimage\02Bridge</Filter>
    </ClInclude>
  </ItemGroup>
  <ItemGroup>
    <ClCompile Include="Blasphemous.cpp" />
    <ClCompile Include="Title.cpp">
      <Filter>Level\Title</Filter>
    </ClCompile>
    <ClCompile Include="MainMenu.cpp">
      <Filter>Level\MainMenu</Filter>
    </ClCompile>
    <ClCompile Include="PreCompile.cpp">
      <Filter>PreCompile</Filter>
    </ClCompile>
    <ClCompile Include="ElderBrother.cpp">
      <Filter>Actor\BossMonster</Filter>
    </ClCompile>
    <ClCompile Include="TenPiedad.cpp">
      <Filter>Actor\BossMonster</Filter>
    </ClCompile>
    <ClCompile Include="BossMonster.cpp">
      <Filter>Actor\MonsterBase</Filter>
    </ClCompile>
    <ClCompile Include="MonsterBase.cpp">
      <Filter>Actor\MonsterBase</Filter>
    </ClCompile>
    <ClCompile Include="Pope.cpp">
      <Filter>Actor\BossMonster</Filter>
    </ClCompile>
    <ClCompile Include="Penitent.cpp">
      <Filter>Actor\Player</Filter>
    </ClCompile>
    <ClCompile Include="NormalMonster.cpp">
      <Filter>Actor\MonsterBase</Filter>
    </ClCompile>
    <ClCompile Include="Inventory.cpp">
      <Filter>Actor\UI</Filter>
    </ClCompile>
    <ClCompile Include="Stage01.cpp">
      <Filter>Level\Pilgrimage\01Brotherhood</Filter>
    </ClCompile>
    <ClCompile Include="Fool_knife.cpp">
      <Filter>Actor\NormalMonster</Filter>
    </ClCompile>
    <ClCompile Include="Stage02.cpp">
      <Filter>Level\Pilgrimage\01Brotherhood</Filter>
    </ClCompile>
    <ClCompile Include="MainMenuActor.cpp">
      <Filter>Actor\UI</Filter>
    </ClCompile>
    <ClCompile Include="Stage03.cpp">
      <Filter>Level\Pilgrimage\01Brotherhood</Filter>
    </ClCompile>
    <ClCompile Include="Stage04.cpp">
      <Filter>Level\Pilgrimage\01Brotherhood</Filter>
    </ClCompile>
    <ClCompile Include="Stage05.cpp">
      <Filter>Level\Pilgrimage\01Brotherhood</Filter>
    </ClCompile>
    <ClCompile Include="TitleActor.cpp">
      <Filter>Actor\UI</Filter>
    </ClCompile>
    <ClCompile Include="StageActor.cpp">
      <Filter>Actor</Filter>
    </ClCompile>
    <ClCompile Include="CutScenePlayer.cpp">
      <Filter>Actor\CutScene</Filter>
    </ClCompile>
    <ClCompile Include="Stage10.cpp">
      <Filter>Level\Pilgrimage\02Bridge</Filter>
    </ClCompile>
    <ClCompile Include="Stage20.cpp">
      <Filter>Level\Pilgrimage\03Deambulatory</Filter>
    </ClCompile>
    <ClCompile Include="Stage30.cpp">
      <Filter>Level\Pilgrimage\04OtherSideoftheDream</Filter>
    </ClCompile>
    <ClCompile Include="Stage21.cpp">
      <Filter>Level\Pilgrimage\03Deambulatory</Filter>
    </ClCompile>
    <ClCompile Include="StageBase.cpp">
      <Filter>Level\Pilgrimage</Filter>
    </ClCompile>
    <ClCompile Include="Deogracias.cpp">
      <Filter>Actor\NPC</Filter>
    </ClCompile>
    <ClCompile Include="GravityComponent.cpp">
      <Filter>Component</Filter>
    </ClCompile>
    <ClCompile Include="Pontiff.cpp">
      <Filter>Actor\BossMonster\Pontiff</Filter>
    </ClCompile>
    <ClCompile Include="Platform.cpp">
      <Filter>Actor\BossMonster\Pontiff</Filter>
    </ClCompile>
    <ClCompile Include="PlatformSpawner.cpp">
      <Filter>Actor\BossMonster\Pontiff</Filter>
    </ClCompile>
    <ClCompile Include="LoadingActor.cpp">
      <Filter>Actor\UI</Filter>
    </ClCompile>
    <ClCompile Include="BreakableTwistedCorpse.cpp">
      <Filter>Actor\Object</Filter>
    </ClCompile>
    <ClCompile Include="PlayerUI.cpp">
      <Filter>Actor\UI</Filter>
    </ClCompile>
    <ClCompile Include="LeftTopUI.cpp">
      <Filter>Actor\UI\UIBar</Filter>
    </ClCompile>
    <ClCompile Include="Option.cpp">
      <Filter>Level\MainMenu\Option</Filter>
    </ClCompile>
    <ClCompile Include="OptionActor.cpp">
      <Filter>Actor\UI</Filter>
    </ClCompile>
    <ClCompile Include="Door.cpp">
      <Filter>Actor\Object</Filter>
    </ClCompile>
    <ClCompile Include="PrieDieu.cpp">
      <Filter>Actor\Object</Filter>
    </ClCompile>
    <ClCompile Include="WingedFace.cpp">
      <Filter>Actor\NormalMonster</Filter>
    </ClCompile>
    <ClCompile Include="VioletProjectile.cpp">
      <Filter>Actor\Effect\Monster\Normal\WingedFace</Filter>
    </ClCompile>
    <ClCompile Include="BossUI.cpp">
      <Filter>Actor\UI</Filter>
    </ClCompile>
    <ClCompile Include="Penitent_Collision.cpp">
      <Filter>Actor\Player</Filter>
    </ClCompile>
    <ClCompile Include="Penitent_State.cpp">
      <Filter>Actor\Player</Filter>
    </ClCompile>
    <ClCompile Include="AttackCorpseEffecter.cpp">
      <Filter>Actor\Effect\Monster\Boss\Elder</Filter>
    </ClCompile>
    <ClCompile Include="JumpCorpseEffecter.cpp">
      <Filter>Actor\Effect\Monster\Boss\Elder</Filter>
    </ClCompile>
    <ClCompile Include="Corpse.cpp">
      <Filter>Actor\Effect\Monster\Boss\Elder</Filter>
    </ClCompile>
    <ClCompile Include="CorpseGroundEffect.cpp">
      <Filter>Actor\Effect\Monster\Boss\Elder</Filter>
    </ClCompile>
    <ClCompile Include="GravityActor.cpp">
      <Filter>Actor\Global</Filter>
    </ClCompile>
    <ClCompile Include="MetaLevel.cpp">
      <Filter>Level</Filter>
    </ClCompile>
    <ClCompile Include="MetaSpriteWindow.cpp">
      <Filter>Content</Filter>
    </ClCompile>
    <ClCompile Include="FireBall.cpp">
      <Filter>Actor\Effect\Monster\Boss\Pope</Filter>
    </ClCompile>
    <ClCompile Include="ToxicCloud.cpp">
      <Filter>Actor\Effect\Monster\Boss\Pope</Filter>
    </ClCompile>
    <ClCompile Include="SymbolEffect.cpp">
      <Filter>Actor\Effect\Monster\Boss\Pope</Filter>
    </ClCompile>
    <ClCompile Include="Projectile.cpp">
      <Filter>Actor\Effect</Filter>
    </ClCompile>
    <ClCompile Include="FireBallSpawner.cpp">
      <Filter>Actor\Effect\Monster\Boss\Pope</Filter>
    </ClCompile>
    <ClCompile Include="ToxicCloudSpawner.cpp">
      <Filter>Actor\Effect\Monster\Boss\Pope</Filter>
    </ClCompile>
    <ClCompile Include="LightiningBolt.cpp">
      <Filter>Actor\Effect\Monster\Boss\Pope</Filter>
    </ClCompile>
    <ClCompile Include="LightiningBoltSpawner.cpp">
      <Filter>Actor\Effect\Monster\Boss\Pope</Filter>
    </ClCompile>
    <ClCompile Include="MagicMissile.cpp">
      <Filter>Actor\Effect\Monster\Boss\Pope</Filter>
    </ClCompile>
    <ClCompile Include="MagicMissileSpawner.cpp">
      <Filter>Actor\Effect\Monster\Boss\Pope</Filter>
    </ClCompile>
    <ClCompile Include="GlassSwitch.cpp">
      <Filter>Actor\Object</Filter>
    </ClCompile>
    <ClCompile Include="SideFence.cpp">
      <Filter>Actor\Object</Filter>
    </ClCompile>
    <ClCompile Include="MetaTextureRenderer.cpp">
      <Filter>Content</Filter>
    </ClCompile>
    <ClCompile Include="MetaSpriteManager.cpp">
      <Filter>Content</Filter>
    </ClCompile>
    <ClCompile Include="LionHead.cpp">
      <Filter>Actor\NormalMonster</Filter>
    </ClCompile>
    <ClCompile Include="Crosscrawler.cpp">
      <Filter>Actor\NormalMonster</Filter>
    </ClCompile>
    <ClCompile Include="ShieldMaiden.cpp">
      <Filter>Actor\NormalMonster</Filter>
    </ClCompile>
    <ClCompile Include="BloodSplatters.cpp">
      <Filter>Actor\Effect\Monster</Filter>
    </ClCompile>
    <ClCompile Include="HitEffect.cpp">
      <Filter>Actor\Effect\Player</Filter>
    </ClCompile>
    <ClCompile Include="MoveEffect.cpp">
      <Filter>Actor\Effect\Player</Filter>
    </ClCompile>
    <ClCompile Include="AttackEffect.cpp">
      <Filter>Actor\Effect\Player</Filter>
    </ClCompile>
    <ClCompile Include="BlockEffect.cpp">
      <Filter>Actor\Effect\Monster\Normal\ShieldMaiden</Filter>
    </ClCompile>
    <ClCompile Include="HardLandingEffect.cpp">
      <Filter>Actor\Effect</Filter>
    </ClCompile>
    <ClCompile Include="PontiffMainBody.cpp">
      <Filter>Actor\BossMonster\Pontiff</Filter>
    </ClCompile>
    <ClCompile Include="GiantSword.cpp">
      <Filter>Actor\BossMonster\Pontiff\GiantSword</Filter>
    </ClCompile>
    <ClCompile Include="SwordIris.cpp">
      <Filter>Actor\BossMonster\Pontiff\GiantSword</Filter>
    </ClCompile>
    <ClCompile Include="AnguishBeamSpawner.cpp">
      <Filter>Actor\Effect\Monster\Boss\Pontiff</Filter>
    </ClCompile>
    <ClCompile Include="AnguishBeam.cpp">
      <Filter>Actor\Effect\Monster\Boss\Pontiff</Filter>
    </ClCompile>
    <ClCompile Include="SpawnerBase.cpp">
      <Filter>Actor\Effect\Monster\Boss</Filter>
    </ClCompile>
    <ClCompile Include="MultipleMagicMissile.cpp">
      <Filter>Actor\Effect\Monster\Boss\Pope</Filter>
    </ClCompile>
    <ClCompile Include="DeadZone.cpp">
      <Filter>Actor\Object</Filter>
    </ClCompile>
    <ClCompile Include="ObjectBase.cpp">
      <Filter>Actor\Object</Filter>
    </ClCompile>
    <ClCompile Include="Fly.cpp">
      <Filter>Actor\Object</Filter>
    </ClCompile>
    <ClCompile Include="PenitentGuilt.cpp">
      <Filter>Actor\Object</Filter>
    </ClCompile>
    <ClCompile Include="SpectrumComponent.cpp">
      <Filter>Component</Filter>
    </ClCompile>
    <ClCompile Include="Shop.cpp">
      <Filter>Level\Pilgrimage\Shop</Filter>
    </ClCompile>
    <ClCompile Include="TwisterBackground.cpp">
      <Filter>Actor\BossMonster\Pontiff</Filter>
    </ClCompile>
    <ClCompile Include="BloodProjectile.cpp">
      <Filter>Actor\Effect\Player</Filter>
    </ClCompile>
    <ClCompile Include="MessageUI.cpp">
      <Filter>Actor\UI</Filter>
    </ClCompile>
    <ClCompile Include="Merchant.cpp">
      <Filter>Actor\NPC</Filter>
    </ClCompile>
    <ClCompile Include="Milestone.cpp">
      <Filter>Actor\UI</Filter>
    </ClCompile>
    <ClCompile Include="NPCBase.cpp">
      <Filter>Actor\NPC</Filter>
    </ClCompile>
    <ClCompile Include="Stage11.cpp">
      <Filter>Level\Pilgrimage\02Bridge</Filter>
    </ClCompile>
    <ClCompile Include="Stage12.cpp">
      <Filter>Level\Pilgrimage\02Bridge</Filter>
    </ClCompile>
  </ItemGroup>
  <ItemGroup>
    <Filter Include="PreCompile">
      <UniqueIdentifier>{a7e9afa6-7013-454b-9488-49ab8d0bee3d}</UniqueIdentifier>
    </Filter>
    <Filter Include="Level">
      <UniqueIdentifier>{8503fe28-021f-4bcf-b07f-0ef62807fce0}</UniqueIdentifier>
    </Filter>
    <Filter Include="Level\Title">
      <UniqueIdentifier>{3c3b6f00-6787-47bd-ac30-287d11debd50}</UniqueIdentifier>
    </Filter>
    <Filter Include="Level\MainMenu">
      <UniqueIdentifier>{38743332-4c96-472e-9fe9-b78eb9d55704}</UniqueIdentifier>
    </Filter>
    <Filter Include="Level\Pilgrimage">
      <UniqueIdentifier>{676fb5cd-6bd0-48f9-89cc-fb141ce9d7a0}</UniqueIdentifier>
    </Filter>
    <Filter Include="Actor">
      <UniqueIdentifier>{8c6635e8-ce8f-4e65-8daf-333020d7840f}</UniqueIdentifier>
    </Filter>
    <Filter Include="Actor\UI">
      <UniqueIdentifier>{19b99546-139a-46db-a446-c8fbed27406e}</UniqueIdentifier>
    </Filter>
    <Filter Include="Actor\BossMonster">
      <UniqueIdentifier>{45b6904e-ed28-4a07-848c-db98f48a9d0d}</UniqueIdentifier>
    </Filter>
    <Filter Include="Actor\MonsterBase">
      <UniqueIdentifier>{a1525c77-0346-4385-9e61-34b6a61b5f72}</UniqueIdentifier>
    </Filter>
    <Filter Include="Actor\Player">
      <UniqueIdentifier>{de8841d7-2ef7-407f-8ef8-9469bc98f610}</UniqueIdentifier>
    </Filter>
    <Filter Include="Component">
      <UniqueIdentifier>{51f521ab-75fe-402f-9a13-f3cbde072a4b}</UniqueIdentifier>
    </Filter>
    <Filter Include="Level\Pilgrimage\01Brotherhood">
      <UniqueIdentifier>{5e63ddf3-b5ff-4ce4-ab81-24d661849da6}</UniqueIdentifier>
    </Filter>
    <Filter Include="Level\Pilgrimage\02Bridge">
      <UniqueIdentifier>{460736eb-08a1-406c-89fa-01f6a1bb31be}</UniqueIdentifier>
    </Filter>
    <Filter Include="Level\Pilgrimage\03Deambulatory">
      <UniqueIdentifier>{37bc6771-28e9-40ad-9f33-3532bc4efc9c}</UniqueIdentifier>
    </Filter>
    <Filter Include="Actor\CutScene">
      <UniqueIdentifier>{5a407c1a-a702-446b-a37f-398b9a3c8f10}</UniqueIdentifier>
    </Filter>
    <Filter Include="Level\Pilgrimage\04OtherSideoftheDream">
      <UniqueIdentifier>{b17ccfec-c3ec-4d53-8614-290090d4d012}</UniqueIdentifier>
    </Filter>
    <Filter Include="Actor\NPC">
      <UniqueIdentifier>{ad5f0184-1ee4-4a74-9ed1-99f793f53d93}</UniqueIdentifier>
    </Filter>
    <Filter Include="Actor\Effect">
      <UniqueIdentifier>{558e3a7c-5ad1-45c7-a6e6-a91603674cd2}</UniqueIdentifier>
    </Filter>
    <Filter Include="Actor\Effect\Player">
      <UniqueIdentifier>{0b8da80a-45a8-4ddd-89ad-92be69611e60}</UniqueIdentifier>
    </Filter>
    <Filter Include="Actor\BossMonster\Pontiff">
      <UniqueIdentifier>{d4b3495a-bac9-46fc-9168-5e0dee44a911}</UniqueIdentifier>
    </Filter>
    <Filter Include="Actor\Object">
      <UniqueIdentifier>{fb0b9cb5-0ddf-4d4b-a7e8-3a98628137c6}</UniqueIdentifier>
    </Filter>
    <Filter Include="Actor\UI\UIBar">
      <UniqueIdentifier>{632d89b0-32ad-4bb9-aa16-f3b529f3d01d}</UniqueIdentifier>
    </Filter>
    <Filter Include="Global">
      <UniqueIdentifier>{313839cb-6ac3-472e-bdf6-7e1231dd01c0}</UniqueIdentifier>
    </Filter>
    <Filter Include="Level\MainMenu\Option">
      <UniqueIdentifier>{f05a770e-562d-4252-b078-c1ac7ba6f73a}</UniqueIdentifier>
    </Filter>
    <Filter Include="Actor\NormalMonster">
      <UniqueIdentifier>{46ee28c6-fdf0-48d5-8bf4-9c4e0d879fed}</UniqueIdentifier>
    </Filter>
    <Filter Include="Actor\Effect\Monster">
      <UniqueIdentifier>{a7463d9b-9245-44a0-bd96-13eaef58a79a}</UniqueIdentifier>
    </Filter>
    <Filter Include="Actor\Effect\Monster\Boss">
      <UniqueIdentifier>{13bfb70c-9418-45ef-9215-33c82d6adb9b}</UniqueIdentifier>
    </Filter>
    <Filter Include="Actor\Effect\Monster\Normal">
      <UniqueIdentifier>{b60e6c9c-91a5-4e34-9489-92b395fff635}</UniqueIdentifier>
    </Filter>
    <Filter Include="Actor\Effect\Monster\Normal\WingedFace">
      <UniqueIdentifier>{1d27d9f2-26dd-41b2-bf91-9c7937312a86}</UniqueIdentifier>
    </Filter>
    <Filter Include="Actor\Effect\Monster\Boss\Pontiff">
      <UniqueIdentifier>{4893c782-f708-4a9c-8c8f-30b54220c896}</UniqueIdentifier>
    </Filter>
    <Filter Include="Actor\Effect\Monster\Boss\Pope">
      <UniqueIdentifier>{0ef6ce20-1a40-4e6a-ab4c-b4d20606baf6}</UniqueIdentifier>
    </Filter>
    <Filter Include="Actor\Effect\Monster\Boss\Elder">
      <UniqueIdentifier>{3c4e333e-c7b6-4027-96bd-f21adf98ddaf}</UniqueIdentifier>
    </Filter>
    <Filter Include="Actor\Global">
      <UniqueIdentifier>{8175c211-1fe1-4198-9af8-59dbc4b97413}</UniqueIdentifier>
    </Filter>
    <Filter Include="Content">
      <UniqueIdentifier>{ffadbca4-8bbb-4bd6-876f-53c1da01f51c}</UniqueIdentifier>
    </Filter>
    <Filter Include="Actor\Effect\Monster\Normal\ShieldMaiden">
      <UniqueIdentifier>{2cd8f018-5cb4-487a-a660-97667e967d39}</UniqueIdentifier>
    </Filter>
    <Filter Include="Actor\BossMonster\Pontiff\GiantSword">
      <UniqueIdentifier>{be997806-2233-4e3a-944d-1d6f671bc9bb}</UniqueIdentifier>
    </Filter>
    <Filter Include="Level\Pilgrimage\Shop">
      <UniqueIdentifier>{3baf1de3-f30a-40dc-a4e9-66baa05a534c}</UniqueIdentifier>
    </Filter>
  </ItemGroup>
  <ItemGroup>
    <None Include=".clang-format" />
  </ItemGroup>
</Project>