<?xml version="1.0" encoding="utf-8"?>
<Project ToolsVersion="4.0" xmlns="http://schemas.microsoft.com/developer/msbuild/2003">
  <ItemGroup>
    <ClInclude Include="OwlBoy.h" />
    <ClInclude Include="Title.h">
      <Filter>Level</Filter>
    </ClInclude>
    <ClInclude Include="DungeonVellie.h">
      <Filter>Level</Filter>
    </ClInclude>
    <ClInclude Include="Thrower.h">
      <Filter>Actor\Enemy</Filter>
    </ClInclude>
    <ClInclude Include="Flyer.h">
      <Filter>Actor\Enemy</Filter>
    </ClInclude>
  </ItemGroup>
  <ItemGroup>
    <ClCompile Include="OwlBoy.cpp" />
    <ClCompile Include="Title.cpp">
      <Filter>Level</Filter>
    </ClCompile>
    <ClCompile Include="DungeonVellie.cpp">
      <Filter>Level</Filter>
    </ClCompile>
    <ClCompile Include="Thrower.cpp">
      <Filter>Actor\Enemy</Filter>
    </ClCompile>
    <ClCompile Include="Flyer.cpp">
      <Filter>Actor\Enemy</Filter>
    </ClCompile>
  </ItemGroup>
  <ItemGroup>
    <Filter Include="Actor">
      <UniqueIdentifier>{dc017ecf-dead-4149-bf8b-689ca8e79a0c}</UniqueIdentifier>
    </Filter>
    <Filter Include="Level">
      <UniqueIdentifier>{4df0f227-cb61-4354-9585-a2acf62b1cd5}</UniqueIdentifier>
    </Filter>
    <Filter Include="Actor\Enemy">
      <UniqueIdentifier>{3a8f17cc-9f42-4ef5-b584-b1b3720ea4bd}</UniqueIdentifier>
    </Filter>
  </ItemGroup>
</Project>