<?xml version="1.0" encoding="utf-8"?>
<Project ToolsVersion="4.0" xmlns="http://schemas.microsoft.com/developer/msbuild/2003">
  <ItemGroup>
    <ClInclude Include="Blasphemous.h" />
    <ClInclude Include="Title.h">
      <Filter>Level\Title</Filter>
    </ClInclude>
    <ClInclude Include="MainMenu.h">
      <Filter>Level\MainMenu</Filter>
    </ClInclude>
    <ClInclude Include="PreCompile.h">
      <Filter>PreCompile</Filter>
    </ClInclude>
    <ClInclude Include="ElderBrother.h">
      <Filter>Actor\BossMonster</Filter>
    </ClInclude>
    <ClInclude Include="TenPiedad.h">
      <Filter>Actor\BossMonster</Filter>
    </ClInclude>
    <ClInclude Include="BossMonster.h">
      <Filter>Actor\MonsterBase</Filter>
    </ClInclude>
    <ClInclude Include="MonsterBase.h">
      <Filter>Actor\MonsterBase</Filter>
    </ClInclude>
    <ClInclude Include="Pope.h">
      <Filter>Actor\BossMonster</Filter>
    </ClInclude>
    <ClInclude Include="Pontiff.h">
      <Filter>Actor\BossMonster</Filter>
    </ClInclude>
    <ClInclude Include="Penitent.h">
      <Filter>Actor\Player</Filter>
    </ClInclude>
    <ClInclude Include="NormalMonster.h">
      <Filter>Actor\MonsterBase</Filter>
    </ClInclude>
    <ClInclude Include="Inventory.h">
      <Filter>Actor\UI</Filter>
    </ClInclude>
    <ClInclude Include="Stage01.h">
      <Filter>Level\Pilgrimage\01Brotherhood</Filter>
    </ClInclude>
    <ClInclude Include="Crosscrawler.h">
      <Filter>Actor\Monster</Filter>
    </ClInclude>
    <ClInclude Include="Fool_knife.h">
      <Filter>Actor\Monster</Filter>
    </ClInclude>
    <ClInclude Include="Stage02.h">
      <Filter>Level\Pilgrimage\01Brotherhood</Filter>
    </ClInclude>
    <ClInclude Include="TitleLogo.h">
      <Filter>Actor\UI</Filter>
    </ClInclude>
    <ClInclude Include="MainMenuActor.h">
      <Filter>Actor\UI</Filter>
    </ClInclude>
    <ClInclude Include="Stage03.h">
      <Filter>Level\Pilgrimage\01Brotherhood</Filter>
    </ClInclude>
    <ClInclude Include="Stage04.h">
      <Filter>Level\Pilgrimage\01Brotherhood</Filter>
    </ClInclude>
    <ClInclude Include="Stage05.h">
      <Filter>Level\Pilgrimage\01Brotherhood</Filter>
    </ClInclude>
    <ClInclude Include="TitleActor.h">
      <Filter>Actor\UI</Filter>
    </ClInclude>
    <ClInclude Include="StageActor.h">
      <Filter>Actor</Filter>
    </ClInclude>
    <ClInclude Include="CutScenePlayer.h">
      <Filter>Actor\CutScene</Filter>
    </ClInclude>
    <ClInclude Include="Stage10.h">
      <Filter>Level\Pilgrimage\02Bridge</Filter>
    </ClInclude>
    <ClInclude Include="Stage20.h">
      <Filter>Level\Pilgrimage\03Deambulatory</Filter>
    </ClInclude>
    <ClInclude Include="Stage30.h">
      <Filter>Level\Pilgrimage\04OtherSideoftheDream</Filter>
    </ClInclude>
    <ClInclude Include="Stage21.h">
      <Filter>Level\Pilgrimage\03Deambulatory</Filter>
    </ClInclude>
    <ClInclude Include="StageBase.h">
      <Filter>Level\Pilgrimage</Filter>
    </ClInclude>
  </ItemGroup>
  <ItemGroup>
    <ClCompile Include="Blasphemous.cpp" />
    <ClCompile Include="Title.cpp">
      <Filter>Level\Title</Filter>
    </ClCompile>
    <ClCompile Include="MainMenu.cpp">
      <Filter>Level\MainMenu</Filter>
    </ClCompile>
    <ClCompile Include="PreCompile.cpp">
      <Filter>PreCompile</Filter>
    </ClCompile>
    <ClCompile Include="ElderBrother.cpp">
      <Filter>Actor\BossMonster</Filter>
    </ClCompile>
    <ClCompile Include="TenPiedad.cpp">
      <Filter>Actor\BossMonster</Filter>
    </ClCompile>
    <ClCompile Include="BossMonster.cpp">
      <Filter>Actor\MonsterBase</Filter>
    </ClCompile>
    <ClCompile Include="MonsterBase.cpp">
      <Filter>Actor\MonsterBase</Filter>
    </ClCompile>
    <ClCompile Include="Pope.cpp">
      <Filter>Actor\BossMonster</Filter>
    </ClCompile>
    <ClCompile Include="Pontiff.cpp">
      <Filter>Actor\BossMonster</Filter>
    </ClCompile>
    <ClCompile Include="Penitent.cpp">
      <Filter>Actor\Player</Filter>
    </ClCompile>
    <ClCompile Include="NormalMonster.cpp">
      <Filter>Actor\MonsterBase</Filter>
    </ClCompile>
    <ClCompile Include="Inventory.cpp">
      <Filter>Actor\UI</Filter>
    </ClCompile>
    <ClCompile Include="Stage01.cpp">
      <Filter>Level\Pilgrimage\01Brotherhood</Filter>
    </ClCompile>
    <ClCompile Include="Crosscrawler.cpp">
      <Filter>Actor\Monster</Filter>
    </ClCompile>
    <ClCompile Include="Fool_knife.cpp">
      <Filter>Actor\Monster</Filter>
    </ClCompile>
    <ClCompile Include="Stage02.cpp">
      <Filter>Level\Pilgrimage\01Brotherhood</Filter>
    </ClCompile>
    <ClCompile Include="TitleLogo.cpp">
      <Filter>Actor\UI</Filter>
    </ClCompile>
    <ClCompile Include="MainMenuActor.cpp">
      <Filter>Actor\UI</Filter>
    </ClCompile>
    <ClCompile Include="Stage03.cpp">
      <Filter>Level\Pilgrimage\01Brotherhood</Filter>
    </ClCompile>
    <ClCompile Include="Stage04.cpp">
      <Filter>Level\Pilgrimage\01Brotherhood</Filter>
    </ClCompile>
    <ClCompile Include="Stage05.cpp">
      <Filter>Level\Pilgrimage\01Brotherhood</Filter>
    </ClCompile>
    <ClCompile Include="TitleActor.cpp">
      <Filter>Actor\UI</Filter>
    </ClCompile>
    <ClCompile Include="StageActor.cpp">
      <Filter>Actor</Filter>
    </ClCompile>
    <ClCompile Include="CutScenePlayer.cpp">
      <Filter>Actor\CutScene</Filter>
    </ClCompile>
    <ClCompile Include="Stage10.cpp">
      <Filter>Level\Pilgrimage\02Bridge</Filter>
    </ClCompile>
    <ClCompile Include="Stage20.cpp">
      <Filter>Level\Pilgrimage\03Deambulatory</Filter>
    </ClCompile>
    <ClCompile Include="Stage30.cpp">
      <Filter>Level\Pilgrimage\04OtherSideoftheDream</Filter>
    </ClCompile>
    <ClCompile Include="Stage21.cpp">
      <Filter>Level\Pilgrimage\03Deambulatory</Filter>
    </ClCompile>
    <ClCompile Include="StageBase.cpp">
      <Filter>Level\Pilgrimage</Filter>
    </ClCompile>
  </ItemGroup>
  <ItemGroup>
    <Filter Include="PreCompile">
      <UniqueIdentifier>{a7e9afa6-7013-454b-9488-49ab8d0bee3d}</UniqueIdentifier>
    </Filter>
    <Filter Include="Level">
      <UniqueIdentifier>{8503fe28-021f-4bcf-b07f-0ef62807fce0}</UniqueIdentifier>
    </Filter>
    <Filter Include="Level\Title">
      <UniqueIdentifier>{3c3b6f00-6787-47bd-ac30-287d11debd50}</UniqueIdentifier>
    </Filter>
    <Filter Include="Level\MainMenu">
      <UniqueIdentifier>{38743332-4c96-472e-9fe9-b78eb9d55704}</UniqueIdentifier>
    </Filter>
    <Filter Include="Level\Pilgrimage">
      <UniqueIdentifier>{676fb5cd-6bd0-48f9-89cc-fb141ce9d7a0}</UniqueIdentifier>
    </Filter>
    <Filter Include="Actor">
      <UniqueIdentifier>{8c6635e8-ce8f-4e65-8daf-333020d7840f}</UniqueIdentifier>
    </Filter>
    <Filter Include="Actor\UI">
      <UniqueIdentifier>{19b99546-139a-46db-a446-c8fbed27406e}</UniqueIdentifier>
    </Filter>
    <Filter Include="Actor\BossMonster">
      <UniqueIdentifier>{45b6904e-ed28-4a07-848c-db98f48a9d0d}</UniqueIdentifier>
    </Filter>
    <Filter Include="Actor\MonsterBase">
      <UniqueIdentifier>{a1525c77-0346-4385-9e61-34b6a61b5f72}</UniqueIdentifier>
    </Filter>
    <Filter Include="Actor\Monster">
      <UniqueIdentifier>{46ee28c6-fdf0-48d5-8bf4-9c4e0d879fed}</UniqueIdentifier>
    </Filter>
    <Filter Include="Actor\Player">
      <UniqueIdentifier>{de8841d7-2ef7-407f-8ef8-9469bc98f610}</UniqueIdentifier>
    </Filter>
    <Filter Include="Component">
      <UniqueIdentifier>{51f521ab-75fe-402f-9a13-f3cbde072a4b}</UniqueIdentifier>
    </Filter>
    <Filter Include="Level\Pilgrimage\01Brotherhood">
      <UniqueIdentifier>{5e63ddf3-b5ff-4ce4-ab81-24d661849da6}</UniqueIdentifier>
    </Filter>
    <Filter Include="Level\Pilgrimage\02Bridge">
      <UniqueIdentifier>{460736eb-08a1-406c-89fa-01f6a1bb31be}</UniqueIdentifier>
    </Filter>
    <Filter Include="Level\Pilgrimage\03Deambulatory">
      <UniqueIdentifier>{37bc6771-28e9-40ad-9f33-3532bc4efc9c}</UniqueIdentifier>
    </Filter>
    <Filter Include="Actor\CutScene">
      <UniqueIdentifier>{5a407c1a-a702-446b-a37f-398b9a3c8f10}</UniqueIdentifier>
    </Filter>
    <Filter Include="Level\Pilgrimage\04OtherSideoftheDream">
      <UniqueIdentifier>{b17ccfec-c3ec-4d53-8614-290090d4d012}</UniqueIdentifier>
    </Filter>
  </ItemGroup>
</Project>